
Microsoft Visual Studio Solution File, Format Version 12.00
# Visual Studio Version 17
VisualStudioVersion = 17.6.33801.468
MinimumVisualStudioVersion = 10.0.40219.1
Project("{9A19103F-16F7-4668-BE54-9A1E7A4F7556}") = "OrderService.ServiceTests", "OrderService.ServiceTests\OrderService.ServiceTests.csproj", "{FEA5A58E-FF5E-4309-A652-570FDA6D55E1}"
EndProject
Project("{9A19103F-16F7-4668-BE54-9A1E7A4F7556}") = "OrderApi.ComponentTests", "OrderApi.ComponentTests\OrderApi.ComponentTests.csproj", "{8CDD774C-0DF3-459C-834E-F83BF8B2E53E}"
EndProject
Project("{9A19103F-16F7-4668-BE54-9A1E7A4F7556}") = "OrderApi", "OrderApi\OrderApi.csproj", "{97794773-BA77-4A12-B4F3-07E005460746}"
EndProject
Project("{9A19103F-16F7-4668-BE54-9A1E7A4F7556}") = "OrderApi.Infrastructure.Data", "OrderApi.Infrastructure.Data\OrderApi.Infrastructure.Data.csproj", "{AC7F4ED2-B3F8-47E5-BEB0-0436322D660B}"
EndProject
Project("{9A19103F-16F7-4668-BE54-9A1E7A4F7556}") = "OrderApi.Core", "OrderApi.Core\OrderApi.Core.csproj", "{8EAB7FB0-BA54-47DC-A6B5-0EA0FA3F25F0}"
EndProject
Project("{2150E333-8FDC-42A3-9474-1A3956D46DE8}") = "Tests", "Tests", "{14B86EF9-EE8E-46C1-85A6-B5E14A98F8D8}"
EndProject
Project("{2150E333-8FDC-42A3-9474-1A3956D46DE8}") = "Solution Items", "Solution Items", "{7D5AAA5A-FF73-4B2D-82CF-8D8ACF21935B}"
	ProjectSection(SolutionItems) = preProject
		.editorconfig = .editorconfig
		Directory.Packages.props = Directory.Packages.props
		README.md = README.md
	EndProjectSection
EndProject
Project("{FAE04EC0-301F-11D3-BF4B-00C04F79EFBC}") = "OrderApi.Infrastructure.ExternalServices", "OrderApi.Infrastructure.ExternalServices\OrderApi.Infrastructure.ExternalServices.csproj", "{A2CB712B-723D-4C76-8CDA-AA177D7721EE}"
EndProject
Project("{FAE04EC0-301F-11D3-BF4B-00C04F79EFBC}") = "SharedKernal", "SharedKernal\SharedKernal.csproj", "{C9399E69-4DEA-40FE-A216-3280A63C2598}"
EndProject
Project("{2150E333-8FDC-42A3-9474-1A3956D46DE8}") = "SharedKernal", "SharedKernal", "{471220AA-E3AA-4C22-98A3-5D48EB75D072}"
EndProject
Global
	GlobalSection(SolutionConfigurationPlatforms) = preSolution
		Debug|Any CPU = Debug|Any CPU
		Release|Any CPU = Release|Any CPU
	EndGlobalSection
	GlobalSection(ProjectConfigurationPlatforms) = postSolution
		{FEA5A58E-FF5E-4309-A652-570FDA6D55E1}.Debug|Any CPU.ActiveCfg = Debug|Any CPU
		{FEA5A58E-FF5E-4309-A652-570FDA6D55E1}.Debug|Any CPU.Build.0 = Debug|Any CPU
		{FEA5A58E-FF5E-4309-A652-570FDA6D55E1}.Release|Any CPU.ActiveCfg = Release|Any CPU
		{FEA5A58E-FF5E-4309-A652-570FDA6D55E1}.Release|Any CPU.Build.0 = Release|Any CPU
		{8CDD774C-0DF3-459C-834E-F83BF8B2E53E}.Debug|Any CPU.ActiveCfg = Debug|Any CPU
		{8CDD774C-0DF3-459C-834E-F83BF8B2E53E}.Debug|Any CPU.Build.0 = Debug|Any CPU
		{8CDD774C-0DF3-459C-834E-F83BF8B2E53E}.Release|Any CPU.ActiveCfg = Release|Any CPU
		{8CDD774C-0DF3-459C-834E-F83BF8B2E53E}.Release|Any CPU.Build.0 = Release|Any CPU
		{97794773-BA77-4A12-B4F3-07E005460746}.Debug|Any CPU.ActiveCfg = Debug|Any CPU
		{97794773-BA77-4A12-B4F3-07E005460746}.Debug|Any CPU.Build.0 = Debug|Any CPU
		{97794773-BA77-4A12-B4F3-07E005460746}.Release|Any CPU.ActiveCfg = Release|Any CPU
		{97794773-BA77-4A12-B4F3-07E005460746}.Release|Any CPU.Build.0 = Release|Any CPU
		{AC7F4ED2-B3F8-47E5-BEB0-0436322D660B}.Debug|Any CPU.ActiveCfg = Debug|Any CPU
		{AC7F4ED2-B3F8-47E5-BEB0-0436322D660B}.Debug|Any CPU.Build.0 = Debug|Any CPU
		{AC7F4ED2-B3F8-47E5-BEB0-0436322D660B}.Release|Any CPU.ActiveCfg = Release|Any CPU
		{AC7F4ED2-B3F8-47E5-BEB0-0436322D660B}.Release|Any CPU.Build.0 = Release|Any CPU
		{8EAB7FB0-BA54-47DC-A6B5-0EA0FA3F25F0}.Debug|Any CPU.ActiveCfg = Debug|Any CPU
		{8EAB7FB0-BA54-47DC-A6B5-0EA0FA3F25F0}.Debug|Any CPU.Build.0 = Debug|Any CPU
		{8EAB7FB0-BA54-47DC-A6B5-0EA0FA3F25F0}.Release|Any CPU.ActiveCfg = Release|Any CPU
		{8EAB7FB0-BA54-47DC-A6B5-0EA0FA3F25F0}.Release|Any CPU.Build.0 = Release|Any CPU
		{A2CB712B-723D-4C76-8CDA-AA177D7721EE}.Debug|Any CPU.ActiveCfg = Debug|Any CPU
		{A2CB712B-723D-4C76-8CDA-AA177D7721EE}.Debug|Any CPU.Build.0 = Debug|Any CPU
		{A2CB712B-723D-4C76-8CDA-AA177D7721EE}.Release|Any CPU.ActiveCfg = Release|Any CPU
		{A2CB712B-723D-4C76-8CDA-AA177D7721EE}.Release|Any CPU.Build.0 = Release|Any CPU
		{C9399E69-4DEA-40FE-A216-3280A63C2598}.Debug|Any CPU.ActiveCfg = Debug|Any CPU
		{C9399E69-4DEA-40FE-A216-3280A63C2598}.Debug|Any CPU.Build.0 = Debug|Any CPU
		{C9399E69-4DEA-40FE-A216-3280A63C2598}.Release|Any CPU.ActiveCfg = Release|Any CPU
		{C9399E69-4DEA-40FE-A216-3280A63C2598}.Release|Any CPU.Build.0 = Release|Any CPU
	EndGlobalSection
	GlobalSection(SolutionProperties) = preSolution
		HideSolutionNode = FALSE
	EndGlobalSection
	GlobalSection(NestedProjects) = preSolution
		{8CDD774C-0DF3-459C-834E-F83BF8B2E53E} = {14B86EF9-EE8E-46C1-85A6-B5E14A98F8D8}
		{C9399E69-4DEA-40FE-A216-3280A63C2598} = {471220AA-E3AA-4C22-98A3-5D48EB75D072}
	EndGlobalSection
	GlobalSection(ExtensibilityGlobals) = postSolution
		SolutionGuid = {19377B6D-9A0A-4B07-BA17-FB97C574DCF1}
	EndGlobalSection
EndGlobal
