
Microsoft Visual Studio Solution File, Format Version 12.00
Project("{FAE04EC0-301F-11D3-BF4B-00C04F79EFBC}") = "Vehicles.Api", "Vehicles.Api\Vehicles.Api.csproj", "{C2AC6501-6C15-4CF8-9065-DFAE4E2A13D6}"
EndProject
Project("{FAE04EC0-301F-11D3-BF4B-00C04F79EFBC}") = "Vehicles.Core", "Vehicles.Core\Vehicles.Core.csproj", "{4503F759-68C6-4B9C-9500-814086747ACE}"
EndProject
Project("{FAE04EC0-301F-11D3-BF4B-00C04F79EFBC}") = "Vehicles.ComponentTests", "Vehicles.ComponentTests\Vehicles.ComponentTests.csproj", "{E112F559-2F9E-4D36-8901-115466D45B53}"
EndProject
Project("{FAE04EC0-301F-11D3-BF4B-00C04F79EFBC}") = "Vehicles.Infrastructure.Data", "Vehicles.Infrastructure.Data\Vehicles.Infrastructure.Data.csproj", "{EC2C026E-2CC8-449B-AFD9-4EC1DEB46D80}"
EndProject
Project("{2150E333-8FDC-42A3-9474-1A3956D46DE8}") = "Tests", "Tests", "{D84E6074-096B-4869-8119-DBC864899D74}"
EndProject
Global
	GlobalSection(SolutionConfigurationPlatforms) = preSolution
		Debug|Any CPU = Debug|Any CPU
		Release|Any CPU = Release|Any CPU
	EndGlobalSection
	GlobalSection(ProjectConfigurationPlatforms) = postSolution
		{C2AC6501-6C15-4CF8-9065-DFAE4E2A13D6}.Debug|Any CPU.ActiveCfg = Debug|Any CPU
		{C2AC6501-6C15-4CF8-9065-DFAE4E2A13D6}.Debug|Any CPU.Build.0 = Debug|Any CPU
		{C2AC6501-6C15-4CF8-9065-DFAE4E2A13D6}.Release|Any CPU.ActiveCfg = Release|Any CPU
		{C2AC6501-6C15-4CF8-9065-DFAE4E2A13D6}.Release|Any CPU.Build.0 = Release|Any CPU
		{4503F759-68C6-4B9C-9500-814086747ACE}.Debug|Any CPU.ActiveCfg = Debug|Any CPU
		{4503F759-68C6-4B9C-9500-814086747ACE}.Debug|Any CPU.Build.0 = Debug|Any CPU
		{4503F759-68C6-4B9C-9500-814086747ACE}.Release|Any CPU.ActiveCfg = Release|Any CPU
		{4503F759-68C6-4B9C-9500-814086747ACE}.Release|Any CPU.Build.0 = Release|Any CPU
		{E112F559-2F9E-4D36-8901-115466D45B53}.Debug|Any CPU.ActiveCfg = Debug|Any CPU
		{E112F559-2F9E-4D36-8901-115466D45B53}.Debug|Any CPU.Build.0 = Debug|Any CPU
		{E112F559-2F9E-4D36-8901-115466D45B53}.Release|Any CPU.ActiveCfg = Release|Any CPU
		{E112F559-2F9E-4D36-8901-115466D45B53}.Release|Any CPU.Build.0 = Release|Any CPU
		{EC2C026E-2CC8-449B-AFD9-4EC1DEB46D80}.Debug|Any CPU.ActiveCfg = Debug|Any CPU
		{EC2C026E-2CC8-449B-AFD9-4EC1DEB46D80}.Debug|Any CPU.Build.0 = Debug|Any CPU
		{EC2C026E-2CC8-449B-AFD9-4EC1DEB46D80}.Release|Any CPU.ActiveCfg = Release|Any CPU
		{EC2C026E-2CC8-449B-AFD9-4EC1DEB46D80}.Release|Any CPU.Build.0 = Release|Any CPU
	EndGlobalSection
	GlobalSection(NestedProjects) = preSolution
		{E112F559-2F9E-4D36-8901-115466D45B53} = {D84E6074-096B-4869-8119-DBC864899D74}
	EndGlobalSection
EndGlobal
